
Microsoft Visual Studio Solution File, Format Version 12.00
# Visual Studio 15
Project("{FAE04EC0-301F-11D3-BF4B-00C04F79EFBC}") = "Assembly-CSharp-firstpass", "Assembly-CSharp-firstpass.csproj", "{9FC629A4-FBF6-49FC-53F8-70E0DDB9511B}"
EndProject
Project("{FAE04EC0-301F-11D3-BF4B-00C04F79EFBC}") = "Assembly-CSharp", "Assembly-CSharp.csproj", "{871088F7-8007-7429-3228-6BC949D5FF64}"
EndProject
Project("{FAE04EC0-301F-11D3-BF4B-00C04F79EFBC}") = "Assembly-CSharp-Editor", "Assembly-CSharp-Editor.csproj", "{6B216C4F-C16F-284B-A225-547550428B46}"
EndProject
Project("{FAE04EC0-301F-11D3-BF4B-00C04F79EFBC}") = "Assembly-CSharp-Editor-firstpass", "Assembly-CSharp-Editor-firstpass.csproj", "{CBA5499B-AC6C-BBAF-EDB1-4D1FBD483871}"
EndProject
Global
	GlobalSection(SolutionConfigurationPlatforms) = preSolution
		Debug|Any CPU = Debug|Any CPU
		Release|Any CPU = Release|Any CPU
	EndGlobalSection
	GlobalSection(ProjectConfigurationPlatforms) = postSolution
		{9FC629A4-FBF6-49FC-53F8-70E0DDB9511B}.Debug|Any CPU.ActiveCfg = Debug|Any CPU
		{9FC629A4-FBF6-49FC-53F8-70E0DDB9511B}.Debug|Any CPU.Build.0 = Debug|Any CPU
		{9FC629A4-FBF6-49FC-53F8-70E0DDB9511B}.Release|Any CPU.ActiveCfg = Release|Any CPU
		{9FC629A4-FBF6-49FC-53F8-70E0DDB9511B}.Release|Any CPU.Build.0 = Release|Any CPU
		{871088F7-8007-7429-3228-6BC949D5FF64}.Debug|Any CPU.ActiveCfg = Debug|Any CPU
		{871088F7-8007-7429-3228-6BC949D5FF64}.Debug|Any CPU.Build.0 = Debug|Any CPU
		{871088F7-8007-7429-3228-6BC949D5FF64}.Release|Any CPU.ActiveCfg = Release|Any CPU
		{871088F7-8007-7429-3228-6BC949D5FF64}.Release|Any CPU.Build.0 = Release|Any CPU
		{6B216C4F-C16F-284B-A225-547550428B46}.Debug|Any CPU.ActiveCfg = Debug|Any CPU
		{6B216C4F-C16F-284B-A225-547550428B46}.Debug|Any CPU.Build.0 = Debug|Any CPU
		{6B216C4F-C16F-284B-A225-547550428B46}.Release|Any CPU.ActiveCfg = Release|Any CPU
		{6B216C4F-C16F-284B-A225-547550428B46}.Release|Any CPU.Build.0 = Release|Any CPU
		{CBA5499B-AC6C-BBAF-EDB1-4D1FBD483871}.Debug|Any CPU.ActiveCfg = Debug|Any CPU
		{CBA5499B-AC6C-BBAF-EDB1-4D1FBD483871}.Debug|Any CPU.Build.0 = Debug|Any CPU
		{CBA5499B-AC6C-BBAF-EDB1-4D1FBD483871}.Release|Any CPU.ActiveCfg = Release|Any CPU
		{CBA5499B-AC6C-BBAF-EDB1-4D1FBD483871}.Release|Any CPU.Build.0 = Release|Any CPU
	EndGlobalSection
	GlobalSection(SolutionProperties) = preSolution
		HideSolutionNode = FALSE
	EndGlobalSection
EndGlobal
